
Microsoft Visual Studio Solution File, Format Version 12.00
# Visual Studio Version 17
VisualStudioVersion = 17.0.31903.59
MinimumVisualStudioVersion = 10.0.40219.1
Project("{2150E333-8FDC-42A3-9474-1A3956D46DE8}") = "leetcode", "leetcode", "{3839457E-A4D2-EDDE-2D95-A020B8C0601A}"
EndProject
Project("{FAE04EC0-301F-11D3-BF4B-00C04F79EFBC}") = "EliminationGame", "leetcode\EliminationGame\EliminationGame.csproj", "{95663D45-CBD7-41F4-AA90-887B4537CEAF}"
EndProject
Project("{2150E333-8FDC-42A3-9474-1A3956D46DE8}") = "codewars", "codewars", "{30FC3232-6477-CCD6-94A9-BA7CFF9E93A0}"
EndProject
Project("{FAE04EC0-301F-11D3-BF4B-00C04F79EFBC}") = "StringEndsWith", "codewars\StringEndsWith\StringEndsWith.csproj", "{79422374-98A6-444D-B982-9EF129867D57}"
EndProject
Project("{FAE04EC0-301F-11D3-BF4B-00C04F79EFBC}") = "BitCounting2", "codewars\BitCounting2\BitCounting2.csproj", "{01CDD229-E9F0-461A-9005-5E78489E9D51}"
EndProject
Project("{FAE04EC0-301F-11D3-BF4B-00C04F79EFBC}") = "DisemvowelTrolls", "codewars\DisemvowelTrolls\DisemvowelTrolls.csproj", "{8D79009D-DFB1-4DDA-8E92-08A6D55E721D}"
EndProject
Project("{FAE04EC0-301F-11D3-BF4B-00C04F79EFBC}") = "CountingDuplicates", "codewars\CountingDuplicates\CountingDuplicates.csproj", "{B37BB053-8757-4ECF-8959-545C1E967B0B}"
EndProject
Project("{FAE04EC0-301F-11D3-BF4B-00C04F79EFBC}") = "ShortestWord", "codewars\ShortestWord\ShortestWord.csproj", "{9C8312D9-3E33-478B-81E1-080AEF8F0ADD}"
EndProject
Project("{FAE04EC0-301F-11D3-BF4B-00C04F79EFBC}") = "DivideTwoIntegers", "leetcode\DivideTwoIntegers\DivideTwoIntegers.csproj", "{40960CC4-F3C4-4D82-9DC0-169D4BC23570}"
EndProject
Project("{FAE04EC0-301F-11D3-BF4B-00C04F79EFBC}") = "CreatePhoneNumber", "codewars\CreatePhoneNumber\CreatePhoneNumber.csproj", "{7AA6127E-DE03-49D5-94D3-2EA9918BE7FB}"
EndProject
Project("{FAE04EC0-301F-11D3-BF4B-00C04F79EFBC}") = "WhichXForThatSum", "codewars\WhichXForThatSum\WhichXForThatSum.csproj", "{5E356C41-C9D2-4957-BC47-509486E423FB}"
EndProject
Project("{FAE04EC0-301F-11D3-BF4B-00C04F79EFBC}") = "TwoSum", "leetcode\TwoSum\TwoSum.csproj", "{C8B3D605-2FF9-4A2B-A1FF-514893036ADA}"
EndProject
Project("{FAE04EC0-301F-11D3-BF4B-00C04F79EFBC}") = "AddTwoNumbers", "leetcode\AddTwoNumbers\AddTwoNumbers.csproj", "{184D995E-894C-456F-A380-1F83630C9DE8}"
EndProject
Project("{FAE04EC0-301F-11D3-BF4B-00C04F79EFBC}") = "LongestSubstringWithoutRepeatingCharacters", "leetcode\LongestSubstringWithoutRepeatingCharacters\LongestSubstringWithoutRepeatingCharacters.csproj", "{CF2860FA-417D-4039-AE31-AA28EE984269}"
EndProject
Project("{FAE04EC0-301F-11D3-BF4B-00C04F79EFBC}") = "ShortestPathToGetAllKeys", "leetcode\ShortestPathToGetAllKeys\ShortestPathToGetAllKeys.csproj", "{A5E097EA-2134-43BA-8BAB-8F1DA2D3CEE6}"
EndProject
Project("{2150E333-8FDC-42A3-9474-1A3956D46DE8}") = "custom", "custom", "{2CFBD9EE-AE3C-B756-B380-22A6C2A9666D}"
EndProject
Project("{FAE04EC0-301F-11D3-BF4B-00C04F79EFBC}") = "BreadthFirstSearch", "custom\BreadthFirstSearch\BreadthFirstSearch.csproj", "{FF3A7D9F-089F-4A77-886C-392AB0C3B5AE}"
EndProject
Project("{FAE04EC0-301F-11D3-BF4B-00C04F79EFBC}") = "RemoveDuplicatesFromSortedArray", "leetcode\RemoveDuplicatesFromSortedArray\RemoveDuplicatesFromSortedArray.csproj", "{1FA50373-2821-46BE-B7B5-68ECE3C37B42}"
EndProject
Project("{FAE04EC0-301F-11D3-BF4B-00C04F79EFBC}") = "ContainerWithMostWater", "leetcode\ContainerWithMostWater\ContainerWithMostWater.csproj", "{45B03C8A-1DED-4746-9BC4-7DB0ABAB882E}"
EndProject
Project("{FAE04EC0-301F-11D3-BF4B-00C04F79EFBC}") = "NextPermutation", "leetcode\NextPermutation\NextPermutation.csproj", "{19DAAC1E-0A3A-4E1A-8A7E-259AE7608E47}"
EndProject
Project("{FAE04EC0-301F-11D3-BF4B-00C04F79EFBC}") = "PalindromeNumber", "leetcode\PalindromeNumber\PalindromeNumber.csproj", "{057201B8-ACEC-41C6-B44B-115AF734BA4E}"
EndProject
Global
	GlobalSection(SolutionConfigurationPlatforms) = preSolution
		Debug|Any CPU = Debug|Any CPU
		Debug|x64 = Debug|x64
		Debug|x86 = Debug|x86
		Release|Any CPU = Release|Any CPU
		Release|x64 = Release|x64
		Release|x86 = Release|x86
	EndGlobalSection
	GlobalSection(ProjectConfigurationPlatforms) = postSolution
		{95663D45-CBD7-41F4-AA90-887B4537CEAF}.Debug|Any CPU.ActiveCfg = Debug|Any CPU
		{95663D45-CBD7-41F4-AA90-887B4537CEAF}.Debug|Any CPU.Build.0 = Debug|Any CPU
		{95663D45-CBD7-41F4-AA90-887B4537CEAF}.Debug|x64.ActiveCfg = Debug|Any CPU
		{95663D45-CBD7-41F4-AA90-887B4537CEAF}.Debug|x64.Build.0 = Debug|Any CPU
		{95663D45-CBD7-41F4-AA90-887B4537CEAF}.Debug|x86.ActiveCfg = Debug|Any CPU
		{95663D45-CBD7-41F4-AA90-887B4537CEAF}.Debug|x86.Build.0 = Debug|Any CPU
		{95663D45-CBD7-41F4-AA90-887B4537CEAF}.Release|Any CPU.ActiveCfg = Release|Any CPU
		{95663D45-CBD7-41F4-AA90-887B4537CEAF}.Release|Any CPU.Build.0 = Release|Any CPU
		{95663D45-CBD7-41F4-AA90-887B4537CEAF}.Release|x64.ActiveCfg = Release|Any CPU
		{95663D45-CBD7-41F4-AA90-887B4537CEAF}.Release|x64.Build.0 = Release|Any CPU
		{95663D45-CBD7-41F4-AA90-887B4537CEAF}.Release|x86.ActiveCfg = Release|Any CPU
		{95663D45-CBD7-41F4-AA90-887B4537CEAF}.Release|x86.Build.0 = Release|Any CPU
		{79422374-98A6-444D-B982-9EF129867D57}.Debug|Any CPU.ActiveCfg = Debug|Any CPU
		{79422374-98A6-444D-B982-9EF129867D57}.Debug|Any CPU.Build.0 = Debug|Any CPU
		{79422374-98A6-444D-B982-9EF129867D57}.Debug|x64.ActiveCfg = Debug|Any CPU
		{79422374-98A6-444D-B982-9EF129867D57}.Debug|x64.Build.0 = Debug|Any CPU
		{79422374-98A6-444D-B982-9EF129867D57}.Debug|x86.ActiveCfg = Debug|Any CPU
		{79422374-98A6-444D-B982-9EF129867D57}.Debug|x86.Build.0 = Debug|Any CPU
		{79422374-98A6-444D-B982-9EF129867D57}.Release|Any CPU.ActiveCfg = Release|Any CPU
		{79422374-98A6-444D-B982-9EF129867D57}.Release|Any CPU.Build.0 = Release|Any CPU
		{79422374-98A6-444D-B982-9EF129867D57}.Release|x64.ActiveCfg = Release|Any CPU
		{79422374-98A6-444D-B982-9EF129867D57}.Release|x64.Build.0 = Release|Any CPU
		{79422374-98A6-444D-B982-9EF129867D57}.Release|x86.ActiveCfg = Release|Any CPU
		{79422374-98A6-444D-B982-9EF129867D57}.Release|x86.Build.0 = Release|Any CPU
		{01CDD229-E9F0-461A-9005-5E78489E9D51}.Debug|Any CPU.ActiveCfg = Debug|Any CPU
		{01CDD229-E9F0-461A-9005-5E78489E9D51}.Debug|Any CPU.Build.0 = Debug|Any CPU
		{01CDD229-E9F0-461A-9005-5E78489E9D51}.Debug|x64.ActiveCfg = Debug|Any CPU
		{01CDD229-E9F0-461A-9005-5E78489E9D51}.Debug|x64.Build.0 = Debug|Any CPU
		{01CDD229-E9F0-461A-9005-5E78489E9D51}.Debug|x86.ActiveCfg = Debug|Any CPU
		{01CDD229-E9F0-461A-9005-5E78489E9D51}.Debug|x86.Build.0 = Debug|Any CPU
		{01CDD229-E9F0-461A-9005-5E78489E9D51}.Release|Any CPU.ActiveCfg = Release|Any CPU
		{01CDD229-E9F0-461A-9005-5E78489E9D51}.Release|Any CPU.Build.0 = Release|Any CPU
		{01CDD229-E9F0-461A-9005-5E78489E9D51}.Release|x64.ActiveCfg = Release|Any CPU
		{01CDD229-E9F0-461A-9005-5E78489E9D51}.Release|x64.Build.0 = Release|Any CPU
		{01CDD229-E9F0-461A-9005-5E78489E9D51}.Release|x86.ActiveCfg = Release|Any CPU
		{01CDD229-E9F0-461A-9005-5E78489E9D51}.Release|x86.Build.0 = Release|Any CPU
		{8D79009D-DFB1-4DDA-8E92-08A6D55E721D}.Debug|Any CPU.ActiveCfg = Debug|Any CPU
		{8D79009D-DFB1-4DDA-8E92-08A6D55E721D}.Debug|Any CPU.Build.0 = Debug|Any CPU
		{8D79009D-DFB1-4DDA-8E92-08A6D55E721D}.Debug|x64.ActiveCfg = Debug|Any CPU
		{8D79009D-DFB1-4DDA-8E92-08A6D55E721D}.Debug|x64.Build.0 = Debug|Any CPU
		{8D79009D-DFB1-4DDA-8E92-08A6D55E721D}.Debug|x86.ActiveCfg = Debug|Any CPU
		{8D79009D-DFB1-4DDA-8E92-08A6D55E721D}.Debug|x86.Build.0 = Debug|Any CPU
		{8D79009D-DFB1-4DDA-8E92-08A6D55E721D}.Release|Any CPU.ActiveCfg = Release|Any CPU
		{8D79009D-DFB1-4DDA-8E92-08A6D55E721D}.Release|Any CPU.Build.0 = Release|Any CPU
		{8D79009D-DFB1-4DDA-8E92-08A6D55E721D}.Release|x64.ActiveCfg = Release|Any CPU
		{8D79009D-DFB1-4DDA-8E92-08A6D55E721D}.Release|x64.Build.0 = Release|Any CPU
		{8D79009D-DFB1-4DDA-8E92-08A6D55E721D}.Release|x86.ActiveCfg = Release|Any CPU
		{8D79009D-DFB1-4DDA-8E92-08A6D55E721D}.Release|x86.Build.0 = Release|Any CPU
		{B37BB053-8757-4ECF-8959-545C1E967B0B}.Debug|Any CPU.ActiveCfg = Debug|Any CPU
		{B37BB053-8757-4ECF-8959-545C1E967B0B}.Debug|Any CPU.Build.0 = Debug|Any CPU
		{B37BB053-8757-4ECF-8959-545C1E967B0B}.Debug|x64.ActiveCfg = Debug|Any CPU
		{B37BB053-8757-4ECF-8959-545C1E967B0B}.Debug|x64.Build.0 = Debug|Any CPU
		{B37BB053-8757-4ECF-8959-545C1E967B0B}.Debug|x86.ActiveCfg = Debug|Any CPU
		{B37BB053-8757-4ECF-8959-545C1E967B0B}.Debug|x86.Build.0 = Debug|Any CPU
		{B37BB053-8757-4ECF-8959-545C1E967B0B}.Release|Any CPU.ActiveCfg = Release|Any CPU
		{B37BB053-8757-4ECF-8959-545C1E967B0B}.Release|Any CPU.Build.0 = Release|Any CPU
		{B37BB053-8757-4ECF-8959-545C1E967B0B}.Release|x64.ActiveCfg = Release|Any CPU
		{B37BB053-8757-4ECF-8959-545C1E967B0B}.Release|x64.Build.0 = Release|Any CPU
		{B37BB053-8757-4ECF-8959-545C1E967B0B}.Release|x86.ActiveCfg = Release|Any CPU
		{B37BB053-8757-4ECF-8959-545C1E967B0B}.Release|x86.Build.0 = Release|Any CPU
		{9C8312D9-3E33-478B-81E1-080AEF8F0ADD}.Debug|Any CPU.ActiveCfg = Debug|Any CPU
		{9C8312D9-3E33-478B-81E1-080AEF8F0ADD}.Debug|Any CPU.Build.0 = Debug|Any CPU
		{9C8312D9-3E33-478B-81E1-080AEF8F0ADD}.Debug|x64.ActiveCfg = Debug|Any CPU
		{9C8312D9-3E33-478B-81E1-080AEF8F0ADD}.Debug|x64.Build.0 = Debug|Any CPU
		{9C8312D9-3E33-478B-81E1-080AEF8F0ADD}.Debug|x86.ActiveCfg = Debug|Any CPU
		{9C8312D9-3E33-478B-81E1-080AEF8F0ADD}.Debug|x86.Build.0 = Debug|Any CPU
		{9C8312D9-3E33-478B-81E1-080AEF8F0ADD}.Release|Any CPU.ActiveCfg = Release|Any CPU
		{9C8312D9-3E33-478B-81E1-080AEF8F0ADD}.Release|Any CPU.Build.0 = Release|Any CPU
		{9C8312D9-3E33-478B-81E1-080AEF8F0ADD}.Release|x64.ActiveCfg = Release|Any CPU
		{9C8312D9-3E33-478B-81E1-080AEF8F0ADD}.Release|x64.Build.0 = Release|Any CPU
		{9C8312D9-3E33-478B-81E1-080AEF8F0ADD}.Release|x86.ActiveCfg = Release|Any CPU
		{9C8312D9-3E33-478B-81E1-080AEF8F0ADD}.Release|x86.Build.0 = Release|Any CPU
		{40960CC4-F3C4-4D82-9DC0-169D4BC23570}.Debug|Any CPU.ActiveCfg = Debug|Any CPU
		{40960CC4-F3C4-4D82-9DC0-169D4BC23570}.Debug|Any CPU.Build.0 = Debug|Any CPU
		{40960CC4-F3C4-4D82-9DC0-169D4BC23570}.Debug|x64.ActiveCfg = Debug|Any CPU
		{40960CC4-F3C4-4D82-9DC0-169D4BC23570}.Debug|x64.Build.0 = Debug|Any CPU
		{40960CC4-F3C4-4D82-9DC0-169D4BC23570}.Debug|x86.ActiveCfg = Debug|Any CPU
		{40960CC4-F3C4-4D82-9DC0-169D4BC23570}.Debug|x86.Build.0 = Debug|Any CPU
		{40960CC4-F3C4-4D82-9DC0-169D4BC23570}.Release|Any CPU.ActiveCfg = Release|Any CPU
		{40960CC4-F3C4-4D82-9DC0-169D4BC23570}.Release|Any CPU.Build.0 = Release|Any CPU
		{40960CC4-F3C4-4D82-9DC0-169D4BC23570}.Release|x64.ActiveCfg = Release|Any CPU
		{40960CC4-F3C4-4D82-9DC0-169D4BC23570}.Release|x64.Build.0 = Release|Any CPU
		{40960CC4-F3C4-4D82-9DC0-169D4BC23570}.Release|x86.ActiveCfg = Release|Any CPU
		{40960CC4-F3C4-4D82-9DC0-169D4BC23570}.Release|x86.Build.0 = Release|Any CPU
		{7AA6127E-DE03-49D5-94D3-2EA9918BE7FB}.Debug|Any CPU.ActiveCfg = Debug|Any CPU
		{7AA6127E-DE03-49D5-94D3-2EA9918BE7FB}.Debug|Any CPU.Build.0 = Debug|Any CPU
		{7AA6127E-DE03-49D5-94D3-2EA9918BE7FB}.Debug|x64.ActiveCfg = Debug|Any CPU
		{7AA6127E-DE03-49D5-94D3-2EA9918BE7FB}.Debug|x64.Build.0 = Debug|Any CPU
		{7AA6127E-DE03-49D5-94D3-2EA9918BE7FB}.Debug|x86.ActiveCfg = Debug|Any CPU
		{7AA6127E-DE03-49D5-94D3-2EA9918BE7FB}.Debug|x86.Build.0 = Debug|Any CPU
		{7AA6127E-DE03-49D5-94D3-2EA9918BE7FB}.Release|Any CPU.ActiveCfg = Release|Any CPU
		{7AA6127E-DE03-49D5-94D3-2EA9918BE7FB}.Release|Any CPU.Build.0 = Release|Any CPU
		{7AA6127E-DE03-49D5-94D3-2EA9918BE7FB}.Release|x64.ActiveCfg = Release|Any CPU
		{7AA6127E-DE03-49D5-94D3-2EA9918BE7FB}.Release|x64.Build.0 = Release|Any CPU
		{7AA6127E-DE03-49D5-94D3-2EA9918BE7FB}.Release|x86.ActiveCfg = Release|Any CPU
		{7AA6127E-DE03-49D5-94D3-2EA9918BE7FB}.Release|x86.Build.0 = Release|Any CPU
		{5E356C41-C9D2-4957-BC47-509486E423FB}.Debug|Any CPU.ActiveCfg = Debug|Any CPU
		{5E356C41-C9D2-4957-BC47-509486E423FB}.Debug|Any CPU.Build.0 = Debug|Any CPU
		{5E356C41-C9D2-4957-BC47-509486E423FB}.Debug|x64.ActiveCfg = Debug|Any CPU
		{5E356C41-C9D2-4957-BC47-509486E423FB}.Debug|x64.Build.0 = Debug|Any CPU
		{5E356C41-C9D2-4957-BC47-509486E423FB}.Debug|x86.ActiveCfg = Debug|Any CPU
		{5E356C41-C9D2-4957-BC47-509486E423FB}.Debug|x86.Build.0 = Debug|Any CPU
		{5E356C41-C9D2-4957-BC47-509486E423FB}.Release|Any CPU.ActiveCfg = Release|Any CPU
		{5E356C41-C9D2-4957-BC47-509486E423FB}.Release|Any CPU.Build.0 = Release|Any CPU
		{5E356C41-C9D2-4957-BC47-509486E423FB}.Release|x64.ActiveCfg = Release|Any CPU
		{5E356C41-C9D2-4957-BC47-509486E423FB}.Release|x64.Build.0 = Release|Any CPU
		{5E356C41-C9D2-4957-BC47-509486E423FB}.Release|x86.ActiveCfg = Release|Any CPU
		{5E356C41-C9D2-4957-BC47-509486E423FB}.Release|x86.Build.0 = Release|Any CPU
		{C8B3D605-2FF9-4A2B-A1FF-514893036ADA}.Debug|Any CPU.ActiveCfg = Debug|Any CPU
		{C8B3D605-2FF9-4A2B-A1FF-514893036ADA}.Debug|Any CPU.Build.0 = Debug|Any CPU
		{C8B3D605-2FF9-4A2B-A1FF-514893036ADA}.Debug|x64.ActiveCfg = Debug|Any CPU
		{C8B3D605-2FF9-4A2B-A1FF-514893036ADA}.Debug|x64.Build.0 = Debug|Any CPU
		{C8B3D605-2FF9-4A2B-A1FF-514893036ADA}.Debug|x86.ActiveCfg = Debug|Any CPU
		{C8B3D605-2FF9-4A2B-A1FF-514893036ADA}.Debug|x86.Build.0 = Debug|Any CPU
		{C8B3D605-2FF9-4A2B-A1FF-514893036ADA}.Release|Any CPU.ActiveCfg = Release|Any CPU
		{C8B3D605-2FF9-4A2B-A1FF-514893036ADA}.Release|Any CPU.Build.0 = Release|Any CPU
		{C8B3D605-2FF9-4A2B-A1FF-514893036ADA}.Release|x64.ActiveCfg = Release|Any CPU
		{C8B3D605-2FF9-4A2B-A1FF-514893036ADA}.Release|x64.Build.0 = Release|Any CPU
		{C8B3D605-2FF9-4A2B-A1FF-514893036ADA}.Release|x86.ActiveCfg = Release|Any CPU
		{C8B3D605-2FF9-4A2B-A1FF-514893036ADA}.Release|x86.Build.0 = Release|Any CPU
		{184D995E-894C-456F-A380-1F83630C9DE8}.Debug|Any CPU.ActiveCfg = Debug|Any CPU
		{184D995E-894C-456F-A380-1F83630C9DE8}.Debug|Any CPU.Build.0 = Debug|Any CPU
		{184D995E-894C-456F-A380-1F83630C9DE8}.Debug|x64.ActiveCfg = Debug|Any CPU
		{184D995E-894C-456F-A380-1F83630C9DE8}.Debug|x64.Build.0 = Debug|Any CPU
		{184D995E-894C-456F-A380-1F83630C9DE8}.Debug|x86.ActiveCfg = Debug|Any CPU
		{184D995E-894C-456F-A380-1F83630C9DE8}.Debug|x86.Build.0 = Debug|Any CPU
		{184D995E-894C-456F-A380-1F83630C9DE8}.Release|Any CPU.ActiveCfg = Release|Any CPU
		{184D995E-894C-456F-A380-1F83630C9DE8}.Release|Any CPU.Build.0 = Release|Any CPU
		{184D995E-894C-456F-A380-1F83630C9DE8}.Release|x64.ActiveCfg = Release|Any CPU
		{184D995E-894C-456F-A380-1F83630C9DE8}.Release|x64.Build.0 = Release|Any CPU
		{184D995E-894C-456F-A380-1F83630C9DE8}.Release|x86.ActiveCfg = Release|Any CPU
		{184D995E-894C-456F-A380-1F83630C9DE8}.Release|x86.Build.0 = Release|Any CPU
		{CF2860FA-417D-4039-AE31-AA28EE984269}.Debug|Any CPU.ActiveCfg = Debug|Any CPU
		{CF2860FA-417D-4039-AE31-AA28EE984269}.Debug|Any CPU.Build.0 = Debug|Any CPU
		{CF2860FA-417D-4039-AE31-AA28EE984269}.Debug|x64.ActiveCfg = Debug|Any CPU
		{CF2860FA-417D-4039-AE31-AA28EE984269}.Debug|x64.Build.0 = Debug|Any CPU
		{CF2860FA-417D-4039-AE31-AA28EE984269}.Debug|x86.ActiveCfg = Debug|Any CPU
		{CF2860FA-417D-4039-AE31-AA28EE984269}.Debug|x86.Build.0 = Debug|Any CPU
		{CF2860FA-417D-4039-AE31-AA28EE984269}.Release|Any CPU.ActiveCfg = Release|Any CPU
		{CF2860FA-417D-4039-AE31-AA28EE984269}.Release|Any CPU.Build.0 = Release|Any CPU
		{CF2860FA-417D-4039-AE31-AA28EE984269}.Release|x64.ActiveCfg = Release|Any CPU
		{CF2860FA-417D-4039-AE31-AA28EE984269}.Release|x64.Build.0 = Release|Any CPU
		{CF2860FA-417D-4039-AE31-AA28EE984269}.Release|x86.ActiveCfg = Release|Any CPU
		{CF2860FA-417D-4039-AE31-AA28EE984269}.Release|x86.Build.0 = Release|Any CPU
		{A5E097EA-2134-43BA-8BAB-8F1DA2D3CEE6}.Debug|Any CPU.ActiveCfg = Debug|Any CPU
		{A5E097EA-2134-43BA-8BAB-8F1DA2D3CEE6}.Debug|Any CPU.Build.0 = Debug|Any CPU
		{A5E097EA-2134-43BA-8BAB-8F1DA2D3CEE6}.Debug|x64.ActiveCfg = Debug|Any CPU
		{A5E097EA-2134-43BA-8BAB-8F1DA2D3CEE6}.Debug|x64.Build.0 = Debug|Any CPU
		{A5E097EA-2134-43BA-8BAB-8F1DA2D3CEE6}.Debug|x86.ActiveCfg = Debug|Any CPU
		{A5E097EA-2134-43BA-8BAB-8F1DA2D3CEE6}.Debug|x86.Build.0 = Debug|Any CPU
		{A5E097EA-2134-43BA-8BAB-8F1DA2D3CEE6}.Release|Any CPU.ActiveCfg = Release|Any CPU
		{A5E097EA-2134-43BA-8BAB-8F1DA2D3CEE6}.Release|Any CPU.Build.0 = Release|Any CPU
		{A5E097EA-2134-43BA-8BAB-8F1DA2D3CEE6}.Release|x64.ActiveCfg = Release|Any CPU
		{A5E097EA-2134-43BA-8BAB-8F1DA2D3CEE6}.Release|x64.Build.0 = Release|Any CPU
		{A5E097EA-2134-43BA-8BAB-8F1DA2D3CEE6}.Release|x86.ActiveCfg = Release|Any CPU
		{A5E097EA-2134-43BA-8BAB-8F1DA2D3CEE6}.Release|x86.Build.0 = Release|Any CPU
		{FF3A7D9F-089F-4A77-886C-392AB0C3B5AE}.Debug|Any CPU.ActiveCfg = Debug|Any CPU
		{FF3A7D9F-089F-4A77-886C-392AB0C3B5AE}.Debug|Any CPU.Build.0 = Debug|Any CPU
		{FF3A7D9F-089F-4A77-886C-392AB0C3B5AE}.Debug|x64.ActiveCfg = Debug|Any CPU
		{FF3A7D9F-089F-4A77-886C-392AB0C3B5AE}.Debug|x64.Build.0 = Debug|Any CPU
		{FF3A7D9F-089F-4A77-886C-392AB0C3B5AE}.Debug|x86.ActiveCfg = Debug|Any CPU
		{FF3A7D9F-089F-4A77-886C-392AB0C3B5AE}.Debug|x86.Build.0 = Debug|Any CPU
		{FF3A7D9F-089F-4A77-886C-392AB0C3B5AE}.Release|Any CPU.ActiveCfg = Release|Any CPU
		{FF3A7D9F-089F-4A77-886C-392AB0C3B5AE}.Release|Any CPU.Build.0 = Release|Any CPU
		{FF3A7D9F-089F-4A77-886C-392AB0C3B5AE}.Release|x64.ActiveCfg = Release|Any CPU
		{FF3A7D9F-089F-4A77-886C-392AB0C3B5AE}.Release|x64.Build.0 = Release|Any CPU
		{FF3A7D9F-089F-4A77-886C-392AB0C3B5AE}.Release|x86.ActiveCfg = Release|Any CPU
		{FF3A7D9F-089F-4A77-886C-392AB0C3B5AE}.Release|x86.Build.0 = Release|Any CPU
		{1FA50373-2821-46BE-B7B5-68ECE3C37B42}.Debug|Any CPU.ActiveCfg = Debug|Any CPU
		{1FA50373-2821-46BE-B7B5-68ECE3C37B42}.Debug|Any CPU.Build.0 = Debug|Any CPU
		{1FA50373-2821-46BE-B7B5-68ECE3C37B42}.Debug|x64.ActiveCfg = Debug|Any CPU
		{1FA50373-2821-46BE-B7B5-68ECE3C37B42}.Debug|x64.Build.0 = Debug|Any CPU
		{1FA50373-2821-46BE-B7B5-68ECE3C37B42}.Debug|x86.ActiveCfg = Debug|Any CPU
		{1FA50373-2821-46BE-B7B5-68ECE3C37B42}.Debug|x86.Build.0 = Debug|Any CPU
		{1FA50373-2821-46BE-B7B5-68ECE3C37B42}.Release|Any CPU.ActiveCfg = Release|Any CPU
		{1FA50373-2821-46BE-B7B5-68ECE3C37B42}.Release|Any CPU.Build.0 = Release|Any CPU
		{1FA50373-2821-46BE-B7B5-68ECE3C37B42}.Release|x64.ActiveCfg = Release|Any CPU
		{1FA50373-2821-46BE-B7B5-68ECE3C37B42}.Release|x64.Build.0 = Release|Any CPU
		{1FA50373-2821-46BE-B7B5-68ECE3C37B42}.Release|x86.ActiveCfg = Release|Any CPU
		{1FA50373-2821-46BE-B7B5-68ECE3C37B42}.Release|x86.Build.0 = Release|Any CPU
		{45B03C8A-1DED-4746-9BC4-7DB0ABAB882E}.Debug|Any CPU.ActiveCfg = Debug|Any CPU
		{45B03C8A-1DED-4746-9BC4-7DB0ABAB882E}.Debug|Any CPU.Build.0 = Debug|Any CPU
		{45B03C8A-1DED-4746-9BC4-7DB0ABAB882E}.Debug|x64.ActiveCfg = Debug|Any CPU
		{45B03C8A-1DED-4746-9BC4-7DB0ABAB882E}.Debug|x64.Build.0 = Debug|Any CPU
		{45B03C8A-1DED-4746-9BC4-7DB0ABAB882E}.Debug|x86.ActiveCfg = Debug|Any CPU
		{45B03C8A-1DED-4746-9BC4-7DB0ABAB882E}.Debug|x86.Build.0 = Debug|Any CPU
		{45B03C8A-1DED-4746-9BC4-7DB0ABAB882E}.Release|Any CPU.ActiveCfg = Release|Any CPU
		{45B03C8A-1DED-4746-9BC4-7DB0ABAB882E}.Release|Any CPU.Build.0 = Release|Any CPU
		{45B03C8A-1DED-4746-9BC4-7DB0ABAB882E}.Release|x64.ActiveCfg = Release|Any CPU
		{45B03C8A-1DED-4746-9BC4-7DB0ABAB882E}.Release|x64.Build.0 = Release|Any CPU
		{45B03C8A-1DED-4746-9BC4-7DB0ABAB882E}.Release|x86.ActiveCfg = Release|Any CPU
		{45B03C8A-1DED-4746-9BC4-7DB0ABAB882E}.Release|x86.Build.0 = Release|Any CPU
		{19DAAC1E-0A3A-4E1A-8A7E-259AE7608E47}.Debug|Any CPU.ActiveCfg = Debug|Any CPU
		{19DAAC1E-0A3A-4E1A-8A7E-259AE7608E47}.Debug|Any CPU.Build.0 = Debug|Any CPU
		{19DAAC1E-0A3A-4E1A-8A7E-259AE7608E47}.Debug|x64.ActiveCfg = Debug|Any CPU
		{19DAAC1E-0A3A-4E1A-8A7E-259AE7608E47}.Debug|x64.Build.0 = Debug|Any CPU
		{19DAAC1E-0A3A-4E1A-8A7E-259AE7608E47}.Debug|x86.ActiveCfg = Debug|Any CPU
		{19DAAC1E-0A3A-4E1A-8A7E-259AE7608E47}.Debug|x86.Build.0 = Debug|Any CPU
		{19DAAC1E-0A3A-4E1A-8A7E-259AE7608E47}.Release|Any CPU.ActiveCfg = Release|Any CPU
		{19DAAC1E-0A3A-4E1A-8A7E-259AE7608E47}.Release|Any CPU.Build.0 = Release|Any CPU
		{19DAAC1E-0A3A-4E1A-8A7E-259AE7608E47}.Release|x64.ActiveCfg = Release|Any CPU
		{19DAAC1E-0A3A-4E1A-8A7E-259AE7608E47}.Release|x64.Build.0 = Release|Any CPU
		{19DAAC1E-0A3A-4E1A-8A7E-259AE7608E47}.Release|x86.ActiveCfg = Release|Any CPU
		{19DAAC1E-0A3A-4E1A-8A7E-259AE7608E47}.Release|x86.Build.0 = Release|Any CPU
		{057201B8-ACEC-41C6-B44B-115AF734BA4E}.Debug|Any CPU.ActiveCfg = Debug|Any CPU
		{057201B8-ACEC-41C6-B44B-115AF734BA4E}.Debug|Any CPU.Build.0 = Debug|Any CPU
		{057201B8-ACEC-41C6-B44B-115AF734BA4E}.Debug|x64.ActiveCfg = Debug|Any CPU
		{057201B8-ACEC-41C6-B44B-115AF734BA4E}.Debug|x64.Build.0 = Debug|Any CPU
		{057201B8-ACEC-41C6-B44B-115AF734BA4E}.Debug|x86.ActiveCfg = Debug|Any CPU
		{057201B8-ACEC-41C6-B44B-115AF734BA4E}.Debug|x86.Build.0 = Debug|Any CPU
		{057201B8-ACEC-41C6-B44B-115AF734BA4E}.Release|Any CPU.ActiveCfg = Release|Any CPU
		{057201B8-ACEC-41C6-B44B-115AF734BA4E}.Release|Any CPU.Build.0 = Release|Any CPU
		{057201B8-ACEC-41C6-B44B-115AF734BA4E}.Release|x64.ActiveCfg = Release|Any CPU
		{057201B8-ACEC-41C6-B44B-115AF734BA4E}.Release|x64.Build.0 = Release|Any CPU
		{057201B8-ACEC-41C6-B44B-115AF734BA4E}.Release|x86.ActiveCfg = Release|Any CPU
		{057201B8-ACEC-41C6-B44B-115AF734BA4E}.Release|x86.Build.0 = Release|Any CPU
	EndGlobalSection
	GlobalSection(SolutionProperties) = preSolution
		HideSolutionNode = FALSE
	EndGlobalSection
	GlobalSection(NestedProjects) = preSolution
		{95663D45-CBD7-41F4-AA90-887B4537CEAF} = {3839457E-A4D2-EDDE-2D95-A020B8C0601A}
		{79422374-98A6-444D-B982-9EF129867D57} = {30FC3232-6477-CCD6-94A9-BA7CFF9E93A0}
		{5E356C41-C9D2-4957-BC47-509486E423FB} = {30FC3232-6477-CCD6-94A9-BA7CFF9E93A0}
		{C8B3D605-2FF9-4A2B-A1FF-514893036ADA} = {3839457E-A4D2-EDDE-2D95-A020B8C0601A}
		{184D995E-894C-456F-A380-1F83630C9DE8} = {3839457E-A4D2-EDDE-2D95-A020B8C0601A}
		{CF2860FA-417D-4039-AE31-AA28EE984269} = {3839457E-A4D2-EDDE-2D95-A020B8C0601A}
		{A5E097EA-2134-43BA-8BAB-8F1DA2D3CEE6} = {3839457E-A4D2-EDDE-2D95-A020B8C0601A}
		{FF3A7D9F-089F-4A77-886C-392AB0C3B5AE} = {2CFBD9EE-AE3C-B756-B380-22A6C2A9666D}
		{1FA50373-2821-46BE-B7B5-68ECE3C37B42} = {3839457E-A4D2-EDDE-2D95-A020B8C0601A}
		{45B03C8A-1DED-4746-9BC4-7DB0ABAB882E} = {3839457E-A4D2-EDDE-2D95-A020B8C0601A}
		{19DAAC1E-0A3A-4E1A-8A7E-259AE7608E47} = {3839457E-A4D2-EDDE-2D95-A020B8C0601A}
		{057201B8-ACEC-41C6-B44B-115AF734BA4E} = {3839457E-A4D2-EDDE-2D95-A020B8C0601A}
	EndGlobalSection
EndGlobal
